
Microsoft Visual Studio Solution File, Format Version 11.00
# Visual Studio 2010
Project("{FAE04EC0-301F-11D3-BF4B-00C04F79EFBC}") = "Assembly-CSharp", "Assembly-CSharp.csproj", "{ED56C855-D943-D2F6-4EA7-C70C6632D619}"
EndProject
Project("{FAE04EC0-301F-11D3-BF4B-00C04F79EFBC}") = "Assembly-CSharp-firstpass", "Assembly-CSharp-firstpass.csproj", "{B47D0E4B-9EDE-0B8D-37AC-4EB9B3602C8D}"
EndProject
Project("{FAE04EC0-301F-11D3-BF4B-00C04F79EFBC}") = "Assembly-CSharp-Editor-firstpass", "Assembly-CSharp-Editor-firstpass.csproj", "{79133F8B-BBD7-C564-A910-08BCD35CDED5}"
EndProject
Global
	GlobalSection(SolutionConfigurationPlatforms) = preSolution
		Debug|Any CPU = Debug|Any CPU
		Release|Any CPU = Release|Any CPU
	EndGlobalSection
	GlobalSection(ProjectConfigurationPlatforms) = postSolution
		{ED56C855-D943-D2F6-4EA7-C70C6632D619}.Debug|Any CPU.ActiveCfg = Debug|Any CPU
		{ED56C855-D943-D2F6-4EA7-C70C6632D619}.Debug|Any CPU.Build.0 = Debug|Any CPU
		{ED56C855-D943-D2F6-4EA7-C70C6632D619}.Release|Any CPU.ActiveCfg = Release|Any CPU
		{ED56C855-D943-D2F6-4EA7-C70C6632D619}.Release|Any CPU.Build.0 = Release|Any CPU
		{B47D0E4B-9EDE-0B8D-37AC-4EB9B3602C8D}.Debug|Any CPU.ActiveCfg = Debug|Any CPU
		{B47D0E4B-9EDE-0B8D-37AC-4EB9B3602C8D}.Debug|Any CPU.Build.0 = Debug|Any CPU
		{B47D0E4B-9EDE-0B8D-37AC-4EB9B3602C8D}.Release|Any CPU.ActiveCfg = Release|Any CPU
		{B47D0E4B-9EDE-0B8D-37AC-4EB9B3602C8D}.Release|Any CPU.Build.0 = Release|Any CPU
		{79133F8B-BBD7-C564-A910-08BCD35CDED5}.Debug|Any CPU.ActiveCfg = Debug|Any CPU
		{79133F8B-BBD7-C564-A910-08BCD35CDED5}.Debug|Any CPU.Build.0 = Debug|Any CPU
		{79133F8B-BBD7-C564-A910-08BCD35CDED5}.Release|Any CPU.ActiveCfg = Release|Any CPU
		{79133F8B-BBD7-C564-A910-08BCD35CDED5}.Release|Any CPU.Build.0 = Release|Any CPU
	EndGlobalSection
	GlobalSection(SolutionProperties) = preSolution
		HideSolutionNode = FALSE
	EndGlobalSection
EndGlobal
